#
# This file is autogenerated by hatch-pip-compile with Python 3.8
#
# [constraints] locks/default.lock (SHA256: 4293dbaa1a3311da5afab6e6bfa772b9c3a8d397252e7078c387119a0da8a606)
#
# - mypy~=1.9.0
# - ruff~=0.3.2
#

mypy==1.9.0
    # via hatch.envs.lint
mypy-extensions==1.0.0
    # via mypy
ruff==0.3.7
    # via hatch.envs.lint
tomli==2.0.1
    # via mypy
typing-extensions==4.11.0
    # via
    #   -c locks/default.lock
    #   mypy
